// !$*UTF8*$!
{
	archiveVersion = 1;
	classes = {
	};
	objectVersion = 50;
	objects = {

/* Begin PBXBuildFile section */
		65E9E1E7270C301A00DDEADC /* AppDelegate.swift in Sources */ = {isa = PBXBuildFile; fileRef = 65E9E1E6270C301A00DDEADC /* AppDelegate.swift */; };
		65E9E1E9270C301A00DDEADC /* SceneDelegate.swift in Sources */ = {isa = PBXBuildFile; fileRef = 65E9E1E8270C301A00DDEADC /* SceneDelegate.swift */; };
		65E9E1EB270C301A00DDEADC /* HomeViewController.swift in Sources */ = {isa = PBXBuildFile; fileRef = 65E9E1EA270C301A00DDEADC /* HomeViewController.swift */; };
		65E9E1F0270C301B00DDEADC /* Assets.xcassets in Resources */ = {isa = PBXBuildFile; fileRef = 65E9E1EF270C301B00DDEADC /* Assets.xcassets */; };
		65E9E1F3270C301B00DDEADC /* LaunchScreen.storyboard in Resources */ = {isa = PBXBuildFile; fileRef = 65E9E1F1270C301B00DDEADC /* LaunchScreen.storyboard */; };
		65E9E1FE270C301B00DDEADC /* Hahow_iOS_RecruitTests.swift in Sources */ = {isa = PBXBuildFile; fileRef = 65E9E1FD270C301B00DDEADC /* Hahow_iOS_RecruitTests.swift */; };
		65E9E209270C301B00DDEADC /* Hahow_iOS_RecruitUITests.swift in Sources */ = {isa = PBXBuildFile; fileRef = 65E9E208270C301B00DDEADC /* Hahow_iOS_RecruitUITests.swift */; };
		ED174C4D2BF737F6006FAD4D /* articles.json in Resources */ = {isa = PBXBuildFile; fileRef = ED174C4C2BF737F5006FAD4D /* articles.json */; };
		ED174C4F2BF737FC006FAD4D /* courses.json in Resources */ = {isa = PBXBuildFile; fileRef = ED174C4E2BF737FC006FAD4D /* courses.json */; };
		ED174C552BF85B61006FAD4D /* ThumbnailCourseCollectionViewCell.swift in Sources */ = {isa = PBXBuildFile; fileRef = ED174C542BF85B61006FAD4D /* ThumbnailCourseCollectionViewCell.swift */; };
		ED174C572BF85B73006FAD4D /* CourseCollectionViewCell.swift in Sources */ = {isa = PBXBuildFile; fileRef = ED174C562BF85B73006FAD4D /* CourseCollectionViewCell.swift */; };
		ED174C592BF85B7F006FAD4D /* ArticleCollectionViewCell.swift in Sources */ = {isa = PBXBuildFile; fileRef = ED174C582BF85B7F006FAD4D /* ArticleCollectionViewCell.swift */; };
		ED174C612BF85CA7006FAD4D /* Interface.swift in Sources */ = {isa = PBXBuildFile; fileRef = ED174C602BF85CA7006FAD4D /* Interface.swift */; };
		ED174C632BF8621B006FAD4D /* UIView+Extensions.swift in Sources */ = {isa = PBXBuildFile; fileRef = ED174C622BF8621B006FAD4D /* UIView+Extensions.swift */; };
		ED174C652BF864A8006FAD4D /* Color+Extensions.swift in Sources */ = {isa = PBXBuildFile; fileRef = ED174C642BF864A8006FAD4D /* Color+Extensions.swift */; };
		ED174C672BF867BA006FAD4D /* CourseCollectionViewCellViewModel.swift in Sources */ = {isa = PBXBuildFile; fileRef = ED174C662BF867BA006FAD4D /* CourseCollectionViewCellViewModel.swift */; };
		ED174C6A2BF86871006FAD4D /* HomePresenter.swift in Sources */ = {isa = PBXBuildFile; fileRef = ED174C692BF86871006FAD4D /* HomePresenter.swift */; };
		ED174C732BF87588006FAD4D /* Course.swift in Sources */ = {isa = PBXBuildFile; fileRef = ED174C722BF87588006FAD4D /* Course.swift */; };
		ED174C752BF875A7006FAD4D /* Article.swift in Sources */ = {isa = PBXBuildFile; fileRef = ED174C742BF875A7006FAD4D /* Article.swift */; };
		ED174C772BF87A09006FAD4D /* DataLoader.swift in Sources */ = {isa = PBXBuildFile; fileRef = ED174C762BF87A09006FAD4D /* DataLoader.swift */; };
		ED174C792BF88300006FAD4D /* HomeInteractor.swift in Sources */ = {isa = PBXBuildFile; fileRef = ED174C782BF88300006FAD4D /* HomeInteractor.swift */; };
		ED174C7B2BF884B6006FAD4D /* ObservableObjects.swift in Sources */ = {isa = PBXBuildFile; fileRef = ED174C7A2BF884B6006FAD4D /* ObservableObjects.swift */; };
		ED174C7F2BF88795006FAD4D /* ArticleCollectionViewCellViewModel.swift in Sources */ = {isa = PBXBuildFile; fileRef = ED174C7E2BF88795006FAD4D /* ArticleCollectionViewCellViewModel.swift */; };
		ED174C812BF901A2006FAD4D /* UIImage+Extensions.swift in Sources */ = {isa = PBXBuildFile; fileRef = ED174C802BF901A2006FAD4D /* UIImage+Extensions.swift */; };
		ED174C852BF90B77006FAD4D /* LoadingView.swift in Sources */ = {isa = PBXBuildFile; fileRef = ED174C842BF90B77006FAD4D /* LoadingView.swift */; };
		ED174C872BF90BC4006FAD4D /* UIViewController+Extensions.swift in Sources */ = {isa = PBXBuildFile; fileRef = ED174C862BF90BC4006FAD4D /* UIViewController+Extensions.swift */; };
		ED174C8B2BFA40BD006FAD4D /* HomeCollectionHeaderView.swift in Sources */ = {isa = PBXBuildFile; fileRef = ED174C8A2BFA40BD006FAD4D /* HomeCollectionHeaderView.swift */; };
/* End PBXBuildFile section */

/* Begin PBXContainerItemProxy section */
		65E9E1FA270C301B00DDEADC /* PBXContainerItemProxy */ = {
			isa = PBXContainerItemProxy;
			containerPortal = 65E9E1DB270C301A00DDEADC /* Project object */;
			proxyType = 1;
			remoteGlobalIDString = 65E9E1E2270C301A00DDEADC;
			remoteInfo = "Hahow-iOS-Recruit";
		};
		65E9E205270C301B00DDEADC /* PBXContainerItemProxy */ = {
			isa = PBXContainerItemProxy;
			containerPortal = 65E9E1DB270C301A00DDEADC /* Project object */;
			proxyType = 1;
			remoteGlobalIDString = 65E9E1E2270C301A00DDEADC;
			remoteInfo = "Hahow-iOS-Recruit";
		};
/* End PBXContainerItemProxy section */

/* Begin PBXFileReference section */
		65E9E1E3270C301A00DDEADC /* Hahow-iOS-Recruit.app */ = {isa = PBXFileReference; explicitFileType = wrapper.application; includeInIndex = 0; path = "Hahow-iOS-Recruit.app"; sourceTree = BUILT_PRODUCTS_DIR; };
		65E9E1E6270C301A00DDEADC /* AppDelegate.swift */ = {isa = PBXFileReference; lastKnownFileType = sourcecode.swift; path = AppDelegate.swift; sourceTree = "<group>"; };
		65E9E1E8270C301A00DDEADC /* SceneDelegate.swift */ = {isa = PBXFileReference; lastKnownFileType = sourcecode.swift; path = SceneDelegate.swift; sourceTree = "<group>"; };
		65E9E1EA270C301A00DDEADC /* HomeViewController.swift */ = {isa = PBXFileReference; lastKnownFileType = sourcecode.swift; path = HomeViewController.swift; sourceTree = "<group>"; };
		65E9E1EF270C301B00DDEADC /* Assets.xcassets */ = {isa = PBXFileReference; lastKnownFileType = folder.assetcatalog; path = Assets.xcassets; sourceTree = "<group>"; };
		65E9E1F2270C301B00DDEADC /* Base */ = {isa = PBXFileReference; lastKnownFileType = file.storyboard; name = Base; path = Base.lproj/LaunchScreen.storyboard; sourceTree = "<group>"; };
		65E9E1F4270C301B00DDEADC /* Info.plist */ = {isa = PBXFileReference; lastKnownFileType = text.plist.xml; path = Info.plist; sourceTree = "<group>"; };
		65E9E1F9270C301B00DDEADC /* Hahow-iOS-RecruitTests.xctest */ = {isa = PBXFileReference; explicitFileType = wrapper.cfbundle; includeInIndex = 0; path = "Hahow-iOS-RecruitTests.xctest"; sourceTree = BUILT_PRODUCTS_DIR; };
		65E9E1FD270C301B00DDEADC /* Hahow_iOS_RecruitTests.swift */ = {isa = PBXFileReference; lastKnownFileType = sourcecode.swift; path = Hahow_iOS_RecruitTests.swift; sourceTree = "<group>"; };
		65E9E1FF270C301B00DDEADC /* Info.plist */ = {isa = PBXFileReference; lastKnownFileType = text.plist.xml; path = Info.plist; sourceTree = "<group>"; };
		65E9E204270C301B00DDEADC /* Hahow-iOS-RecruitUITests.xctest */ = {isa = PBXFileReference; explicitFileType = wrapper.cfbundle; includeInIndex = 0; path = "Hahow-iOS-RecruitUITests.xctest"; sourceTree = BUILT_PRODUCTS_DIR; };
		65E9E208270C301B00DDEADC /* Hahow_iOS_RecruitUITests.swift */ = {isa = PBXFileReference; lastKnownFileType = sourcecode.swift; path = Hahow_iOS_RecruitUITests.swift; sourceTree = "<group>"; };
		65E9E20A270C301B00DDEADC /* Info.plist */ = {isa = PBXFileReference; lastKnownFileType = text.plist.xml; path = Info.plist; sourceTree = "<group>"; };
		ED174C4C2BF737F5006FAD4D /* articles.json */ = {isa = PBXFileReference; fileEncoding = 4; lastKnownFileType = text.json; path = articles.json; sourceTree = "<group>"; };
		ED174C4E2BF737FC006FAD4D /* courses.json */ = {isa = PBXFileReference; fileEncoding = 4; lastKnownFileType = text.json; path = courses.json; sourceTree = "<group>"; };
		ED174C542BF85B61006FAD4D /* ThumbnailCourseCollectionViewCell.swift */ = {isa = PBXFileReference; lastKnownFileType = sourcecode.swift; path = ThumbnailCourseCollectionViewCell.swift; sourceTree = "<group>"; };
		ED174C562BF85B73006FAD4D /* CourseCollectionViewCell.swift */ = {isa = PBXFileReference; lastKnownFileType = sourcecode.swift; path = CourseCollectionViewCell.swift; sourceTree = "<group>"; };
		ED174C582BF85B7F006FAD4D /* ArticleCollectionViewCell.swift */ = {isa = PBXFileReference; lastKnownFileType = sourcecode.swift; path = ArticleCollectionViewCell.swift; sourceTree = "<group>"; };
		ED174C602BF85CA7006FAD4D /* Interface.swift */ = {isa = PBXFileReference; lastKnownFileType = sourcecode.swift; path = Interface.swift; sourceTree = "<group>"; };
		ED174C622BF8621B006FAD4D /* UIView+Extensions.swift */ = {isa = PBXFileReference; lastKnownFileType = sourcecode.swift; path = "UIView+Extensions.swift"; sourceTree = "<group>"; };
		ED174C642BF864A8006FAD4D /* Color+Extensions.swift */ = {isa = PBXFileReference; lastKnownFileType = sourcecode.swift; path = "Color+Extensions.swift"; sourceTree = "<group>"; };
		ED174C662BF867BA006FAD4D /* CourseCollectionViewCellViewModel.swift */ = {isa = PBXFileReference; lastKnownFileType = sourcecode.swift; path = CourseCollectionViewCellViewModel.swift; sourceTree = "<group>"; };
		ED174C692BF86871006FAD4D /* HomePresenter.swift */ = {isa = PBXFileReference; lastKnownFileType = sourcecode.swift; path = HomePresenter.swift; sourceTree = "<group>"; };
		ED174C722BF87588006FAD4D /* Course.swift */ = {isa = PBXFileReference; lastKnownFileType = sourcecode.swift; path = Course.swift; sourceTree = "<group>"; };
		ED174C742BF875A7006FAD4D /* Article.swift */ = {isa = PBXFileReference; lastKnownFileType = sourcecode.swift; path = Article.swift; sourceTree = "<group>"; };
		ED174C762BF87A09006FAD4D /* DataLoader.swift */ = {isa = PBXFileReference; lastKnownFileType = sourcecode.swift; path = DataLoader.swift; sourceTree = "<group>"; };
		ED174C782BF88300006FAD4D /* HomeInteractor.swift */ = {isa = PBXFileReference; lastKnownFileType = sourcecode.swift; path = HomeInteractor.swift; sourceTree = "<group>"; };
		ED174C7A2BF884B6006FAD4D /* ObservableObjects.swift */ = {isa = PBXFileReference; lastKnownFileType = sourcecode.swift; path = ObservableObjects.swift; sourceTree = "<group>"; };
		ED174C7E2BF88795006FAD4D /* ArticleCollectionViewCellViewModel.swift */ = {isa = PBXFileReference; lastKnownFileType = sourcecode.swift; path = ArticleCollectionViewCellViewModel.swift; sourceTree = "<group>"; };
		ED174C802BF901A2006FAD4D /* UIImage+Extensions.swift */ = {isa = PBXFileReference; lastKnownFileType = sourcecode.swift; path = "UIImage+Extensions.swift"; sourceTree = "<group>"; };
		ED174C842BF90B77006FAD4D /* LoadingView.swift */ = {isa = PBXFileReference; lastKnownFileType = sourcecode.swift; path = LoadingView.swift; sourceTree = "<group>"; };
		ED174C862BF90BC4006FAD4D /* UIViewController+Extensions.swift */ = {isa = PBXFileReference; lastKnownFileType = sourcecode.swift; path = "UIViewController+Extensions.swift"; sourceTree = "<group>"; };
		ED174C8A2BFA40BD006FAD4D /* HomeCollectionHeaderView.swift */ = {isa = PBXFileReference; lastKnownFileType = sourcecode.swift; path = HomeCollectionHeaderView.swift; sourceTree = "<group>"; };
/* End PBXFileReference section */

/* Begin PBXFrameworksBuildPhase section */
		65E9E1E0270C301A00DDEADC /* Frameworks */ = {
			isa = PBXFrameworksBuildPhase;
			buildActionMask = 2147483647;
			files = (
			);
			runOnlyForDeploymentPostprocessing = 0;
		};
		65E9E1F6270C301B00DDEADC /* Frameworks */ = {
			isa = PBXFrameworksBuildPhase;
			buildActionMask = 2147483647;
			files = (
			);
			runOnlyForDeploymentPostprocessing = 0;
		};
		65E9E201270C301B00DDEADC /* Frameworks */ = {
			isa = PBXFrameworksBuildPhase;
			buildActionMask = 2147483647;
			files = (
			);
			runOnlyForDeploymentPostprocessing = 0;
		};
/* End PBXFrameworksBuildPhase section */

/* Begin PBXGroup section */
		65E9E1DA270C301A00DDEADC = {
			isa = PBXGroup;
			children = (
				65E9E1E5270C301A00DDEADC /* Hahow-iOS-Recruit */,
				65E9E1FC270C301B00DDEADC /* Hahow-iOS-RecruitTests */,
				65E9E207270C301B00DDEADC /* Hahow-iOS-RecruitUITests */,
				65E9E1E4270C301A00DDEADC /* Products */,
			);
			sourceTree = "<group>";
		};
		65E9E1E4270C301A00DDEADC /* Products */ = {
			isa = PBXGroup;
			children = (
				65E9E1E3270C301A00DDEADC /* Hahow-iOS-Recruit.app */,
				65E9E1F9270C301B00DDEADC /* Hahow-iOS-RecruitTests.xctest */,
				65E9E204270C301B00DDEADC /* Hahow-iOS-RecruitUITests.xctest */,
			);
			name = Products;
			sourceTree = "<group>";
		};
		65E9E1E5270C301A00DDEADC /* Hahow-iOS-Recruit */ = {
			isa = PBXGroup;
			children = (
				ED174C822BF90830006FAD4D /* ViewController */,
				ED174C712BF8757D006FAD4D /* Models */,
				ED174C6C2BF874B3006FAD4D /* Service */,
				ED174C6B2BF86876006FAD4D /* Interactor */,
				ED174C682BF86855006FAD4D /* Presenter */,
				ED174C5F2BF85C9C006FAD4D /* Utilities */,
				ED174C5A2BF85BC7006FAD4D /* Extensions */,
				ED174C532BF85B30006FAD4D /* MockData */,
				ED174C512BF85AF8006FAD4D /* ViewModels */,
				ED174C502BF85AEB006FAD4D /* Views */,
				65E9E1EF270C301B00DDEADC /* Assets.xcassets */,
				65E9E1F1270C301B00DDEADC /* LaunchScreen.storyboard */,
				65E9E1F4270C301B00DDEADC /* Info.plist */,
			);
			path = "Hahow-iOS-Recruit";
			sourceTree = "<group>";
		};
		65E9E1FC270C301B00DDEADC /* Hahow-iOS-RecruitTests */ = {
			isa = PBXGroup;
			children = (
				65E9E1FD270C301B00DDEADC /* Hahow_iOS_RecruitTests.swift */,
				65E9E1FF270C301B00DDEADC /* Info.plist */,
			);
			path = "Hahow-iOS-RecruitTests";
			sourceTree = "<group>";
		};
		65E9E207270C301B00DDEADC /* Hahow-iOS-RecruitUITests */ = {
			isa = PBXGroup;
			children = (
				65E9E208270C301B00DDEADC /* Hahow_iOS_RecruitUITests.swift */,
				65E9E20A270C301B00DDEADC /* Info.plist */,
			);
			path = "Hahow-iOS-RecruitUITests";
			sourceTree = "<group>";
		};
		ED174C502BF85AEB006FAD4D /* Views */ = {
			isa = PBXGroup;
			children = (
				ED174C542BF85B61006FAD4D /* ThumbnailCourseCollectionViewCell.swift */,
				ED174C562BF85B73006FAD4D /* CourseCollectionViewCell.swift */,
				ED174C582BF85B7F006FAD4D /* ArticleCollectionViewCell.swift */,
				ED174C842BF90B77006FAD4D /* LoadingView.swift */,
				ED174C8A2BFA40BD006FAD4D /* HomeCollectionHeaderView.swift */,
			);
			path = Views;
			sourceTree = "<group>";
		};
		ED174C512BF85AF8006FAD4D /* ViewModels */ = {
			isa = PBXGroup;
			children = (
				ED174C662BF867BA006FAD4D /* CourseCollectionViewCellViewModel.swift */,
				ED174C7E2BF88795006FAD4D /* ArticleCollectionViewCellViewModel.swift */,
			);
			path = ViewModels;
			sourceTree = "<group>";
		};
		ED174C532BF85B30006FAD4D /* MockData */ = {
			isa = PBXGroup;
			children = (
				ED174C4E2BF737FC006FAD4D /* courses.json */,
				ED174C4C2BF737F5006FAD4D /* articles.json */,
			);
			path = MockData;
			sourceTree = "<group>";
		};
		ED174C5A2BF85BC7006FAD4D /* Extensions */ = {
			isa = PBXGroup;
			children = (
				ED174C622BF8621B006FAD4D /* UIView+Extensions.swift */,
				ED174C642BF864A8006FAD4D /* Color+Extensions.swift */,
				ED174C802BF901A2006FAD4D /* UIImage+Extensions.swift */,
				ED174C862BF90BC4006FAD4D /* UIViewController+Extensions.swift */,
			);
			path = Extensions;
			sourceTree = "<group>";
		};
		ED174C5F2BF85C9C006FAD4D /* Utilities */ = {
			isa = PBXGroup;
			children = (
				ED174C602BF85CA7006FAD4D /* Interface.swift */,
				ED174C7A2BF884B6006FAD4D /* ObservableObjects.swift */,
				65E9E1E6270C301A00DDEADC /* AppDelegate.swift */,
				65E9E1E8270C301A00DDEADC /* SceneDelegate.swift */,
			);
			path = Utilities;
			sourceTree = "<group>";
		};
		ED174C682BF86855006FAD4D /* Presenter */ = {
			isa = PBXGroup;
			children = (
				ED174C692BF86871006FAD4D /* HomePresenter.swift */,
			);
			path = Presenter;
			sourceTree = "<group>";
		};
		ED174C6B2BF86876006FAD4D /* Interactor */ = {
			isa = PBXGroup;
			children = (
				ED174C782BF88300006FAD4D /* HomeInteractor.swift */,
			);
			path = Interactor;
			sourceTree = "<group>";
		};
		ED174C6C2BF874B3006FAD4D /* Service */ = {
			isa = PBXGroup;
			children = (
				ED174C762BF87A09006FAD4D /* DataLoader.swift */,
			);
			path = Service;
			sourceTree = "<group>";
		};
		ED174C712BF8757D006FAD4D /* Models */ = {
			isa = PBXGroup;
			children = (
				ED174C722BF87588006FAD4D /* Course.swift */,
				ED174C742BF875A7006FAD4D /* Article.swift */,
			);
			path = Models;
			sourceTree = "<group>";
		};
		ED174C822BF90830006FAD4D /* ViewController */ = {
			isa = PBXGroup;
			children = (
				65E9E1EA270C301A00DDEADC /* HomeViewController.swift */,
			);
			path = ViewController;
			sourceTree = "<group>";
		};
/* End PBXGroup section */

/* Begin PBXNativeTarget section */
		65E9E1E2270C301A00DDEADC /* Hahow-iOS-Recruit */ = {
			isa = PBXNativeTarget;
			buildConfigurationList = 65E9E20D270C301B00DDEADC /* Build configuration list for PBXNativeTarget "Hahow-iOS-Recruit" */;
			buildPhases = (
				65E9E1DF270C301A00DDEADC /* Sources */,
				65E9E1E0270C301A00DDEADC /* Frameworks */,
				65E9E1E1270C301A00DDEADC /* Resources */,
			);
			buildRules = (
			);
			dependencies = (
			);
			name = "Hahow-iOS-Recruit";
			productName = "Hahow-iOS-Recruit";
			productReference = 65E9E1E3270C301A00DDEADC /* Hahow-iOS-Recruit.app */;
			productType = "com.apple.product-type.application";
		};
		65E9E1F8270C301B00DDEADC /* Hahow-iOS-RecruitTests */ = {
			isa = PBXNativeTarget;
			buildConfigurationList = 65E9E210270C301B00DDEADC /* Build configuration list for PBXNativeTarget "Hahow-iOS-RecruitTests" */;
			buildPhases = (
				65E9E1F5270C301B00DDEADC /* Sources */,
				65E9E1F6270C301B00DDEADC /* Frameworks */,
				65E9E1F7270C301B00DDEADC /* Resources */,
			);
			buildRules = (
			);
			dependencies = (
				65E9E1FB270C301B00DDEADC /* PBXTargetDependency */,
			);
			name = "Hahow-iOS-RecruitTests";
			productName = "Hahow-iOS-RecruitTests";
			productReference = 65E9E1F9270C301B00DDEADC /* Hahow-iOS-RecruitTests.xctest */;
			productType = "com.apple.product-type.bundle.unit-test";
		};
		65E9E203270C301B00DDEADC /* Hahow-iOS-RecruitUITests */ = {
			isa = PBXNativeTarget;
			buildConfigurationList = 65E9E213270C301B00DDEADC /* Build configuration list for PBXNativeTarget "Hahow-iOS-RecruitUITests" */;
			buildPhases = (
				65E9E200270C301B00DDEADC /* Sources */,
				65E9E201270C301B00DDEADC /* Frameworks */,
				65E9E202270C301B00DDEADC /* Resources */,
			);
			buildRules = (
			);
			dependencies = (
				65E9E206270C301B00DDEADC /* PBXTargetDependency */,
			);
			name = "Hahow-iOS-RecruitUITests";
			productName = "Hahow-iOS-RecruitUITests";
			productReference = 65E9E204270C301B00DDEADC /* Hahow-iOS-RecruitUITests.xctest */;
			productType = "com.apple.product-type.bundle.ui-testing";
		};
/* End PBXNativeTarget section */

/* Begin PBXProject section */
		65E9E1DB270C301A00DDEADC /* Project object */ = {
			isa = PBXProject;
			attributes = {
				LastSwiftUpdateCheck = 1250;
				LastUpgradeCheck = 1250;
				TargetAttributes = {
					65E9E1E2270C301A00DDEADC = {
						CreatedOnToolsVersion = 12.5.1;
					};
					65E9E1F8270C301B00DDEADC = {
						CreatedOnToolsVersion = 12.5.1;
						TestTargetID = 65E9E1E2270C301A00DDEADC;
					};
					65E9E203270C301B00DDEADC = {
						CreatedOnToolsVersion = 12.5.1;
						TestTargetID = 65E9E1E2270C301A00DDEADC;
					};
				};
			};
			buildConfigurationList = 65E9E1DE270C301A00DDEADC /* Build configuration list for PBXProject "Hahow-iOS-Recruit" */;
			compatibilityVersion = "Xcode 9.3";
			developmentRegion = en;
			hasScannedForEncodings = 0;
			knownRegions = (
				en,
				Base,
			);
			mainGroup = 65E9E1DA270C301A00DDEADC;
			productRefGroup = 65E9E1E4270C301A00DDEADC /* Products */;
			projectDirPath = "";
			projectRoot = "";
			targets = (
				65E9E1E2270C301A00DDEADC /* Hahow-iOS-Recruit */,
				65E9E1F8270C301B00DDEADC /* Hahow-iOS-RecruitTests */,
				65E9E203270C301B00DDEADC /* Hahow-iOS-RecruitUITests */,
			);
		};
/* End PBXProject section */

/* Begin PBXResourcesBuildPhase section */
		65E9E1E1270C301A00DDEADC /* Resources */ = {
			isa = PBXResourcesBuildPhase;
			buildActionMask = 2147483647;
			files = (
				65E9E1F3270C301B00DDEADC /* LaunchScreen.storyboard in Resources */,
				65E9E1F0270C301B00DDEADC /* Assets.xcassets in Resources */,
				ED174C4D2BF737F6006FAD4D /* articles.json in Resources */,
				ED174C4F2BF737FC006FAD4D /* courses.json in Resources */,
			);
			runOnlyForDeploymentPostprocessing = 0;
		};
		65E9E1F7270C301B00DDEADC /* Resources */ = {
			isa = PBXResourcesBuildPhase;
			buildActionMask = 2147483647;
			files = (
			);
			runOnlyForDeploymentPostprocessing = 0;
		};
		65E9E202270C301B00DDEADC /* Resources */ = {
			isa = PBXResourcesBuildPhase;
			buildActionMask = 2147483647;
			files = (
			);
			runOnlyForDeploymentPostprocessing = 0;
		};
/* End PBXResourcesBuildPhase section */

/* Begin PBXSourcesBuildPhase section */
		65E9E1DF270C301A00DDEADC /* Sources */ = {
			isa = PBXSourcesBuildPhase;
			buildActionMask = 2147483647;
			files = (
				65E9E1EB270C301A00DDEADC /* HomeViewController.swift in Sources */,
				ED174C7B2BF884B6006FAD4D /* ObservableObjects.swift in Sources */,
				65E9E1E7270C301A00DDEADC /* AppDelegate.swift in Sources */,
				ED174C8B2BFA40BD006FAD4D /* HomeCollectionHeaderView.swift in Sources */,
				ED174C6A2BF86871006FAD4D /* HomePresenter.swift in Sources */,
				ED174C792BF88300006FAD4D /* HomeInteractor.swift in Sources */,
				ED174C7F2BF88795006FAD4D /* ArticleCollectionViewCellViewModel.swift in Sources */,
				ED174C632BF8621B006FAD4D /* UIView+Extensions.swift in Sources */,
				ED174C612BF85CA7006FAD4D /* Interface.swift in Sources */,
				ED174C652BF864A8006FAD4D /* Color+Extensions.swift in Sources */,
				ED174C552BF85B61006FAD4D /* ThumbnailCourseCollectionViewCell.swift in Sources */,
				ED174C732BF87588006FAD4D /* Course.swift in Sources */,
				ED174C672BF867BA006FAD4D /* CourseCollectionViewCellViewModel.swift in Sources */,
				ED174C872BF90BC4006FAD4D /* UIViewController+Extensions.swift in Sources */,
				ED174C592BF85B7F006FAD4D /* ArticleCollectionViewCell.swift in Sources */,
				ED174C772BF87A09006FAD4D /* DataLoader.swift in Sources */,
				ED174C572BF85B73006FAD4D /* CourseCollectionViewCell.swift in Sources */,
				ED174C812BF901A2006FAD4D /* UIImage+Extensions.swift in Sources */,
				65E9E1E9270C301A00DDEADC /* SceneDelegate.swift in Sources */,
				ED174C852BF90B77006FAD4D /* LoadingView.swift in Sources */,
				ED174C752BF875A7006FAD4D /* Article.swift in Sources */,
			);
			runOnlyForDeploymentPostprocessing = 0;
		};
		65E9E1F5270C301B00DDEADC /* Sources */ = {
			isa = PBXSourcesBuildPhase;
			buildActionMask = 2147483647;
			files = (
				65E9E1FE270C301B00DDEADC /* Hahow_iOS_RecruitTests.swift in Sources */,
			);
			runOnlyForDeploymentPostprocessing = 0;
		};
		65E9E200270C301B00DDEADC /* Sources */ = {
			isa = PBXSourcesBuildPhase;
			buildActionMask = 2147483647;
			files = (
				65E9E209270C301B00DDEADC /* Hahow_iOS_RecruitUITests.swift in Sources */,
			);
			runOnlyForDeploymentPostprocessing = 0;
		};
/* End PBXSourcesBuildPhase section */

/* Begin PBXTargetDependency section */
		65E9E1FB270C301B00DDEADC /* PBXTargetDependency */ = {
			isa = PBXTargetDependency;
			target = 65E9E1E2270C301A00DDEADC /* Hahow-iOS-Recruit */;
			targetProxy = 65E9E1FA270C301B00DDEADC /* PBXContainerItemProxy */;
		};
		65E9E206270C301B00DDEADC /* PBXTargetDependency */ = {
			isa = PBXTargetDependency;
			target = 65E9E1E2270C301A00DDEADC /* Hahow-iOS-Recruit */;
			targetProxy = 65E9E205270C301B00DDEADC /* PBXContainerItemProxy */;
		};
/* End PBXTargetDependency section */

/* Begin PBXVariantGroup section */
		65E9E1F1270C301B00DDEADC /* LaunchScreen.storyboard */ = {
			isa = PBXVariantGroup;
			children = (
				65E9E1F2270C301B00DDEADC /* Base */,
			);
			name = LaunchScreen.storyboard;
			sourceTree = "<group>";
		};
/* End PBXVariantGroup section */

/* Begin XCBuildConfiguration section */
		65E9E20B270C301B00DDEADC /* Debug */ = {
			isa = XCBuildConfiguration;
			buildSettings = {
				ALWAYS_SEARCH_USER_PATHS = NO;
				CLANG_ANALYZER_NONNULL = YES;
				CLANG_ANALYZER_NUMBER_OBJECT_CONVERSION = YES_AGGRESSIVE;
				CLANG_CXX_LANGUAGE_STANDARD = "gnu++14";
				CLANG_CXX_LIBRARY = "libc++";
				CLANG_ENABLE_MODULES = YES;
				CLANG_ENABLE_OBJC_ARC = YES;
				CLANG_ENABLE_OBJC_WEAK = YES;
				CLANG_WARN_BLOCK_CAPTURE_AUTORELEASING = YES;
				CLANG_WARN_BOOL_CONVERSION = YES;
				CLANG_WARN_COMMA = YES;
				CLANG_WARN_CONSTANT_CONVERSION = YES;
				CLANG_WARN_DEPRECATED_OBJC_IMPLEMENTATIONS = YES;
				CLANG_WARN_DIRECT_OBJC_ISA_USAGE = YES_ERROR;
				CLANG_WARN_DOCUMENTATION_COMMENTS = YES;
				CLANG_WARN_EMPTY_BODY = YES;
				CLANG_WARN_ENUM_CONVERSION = YES;
				CLANG_WARN_INFINITE_RECURSION = YES;
				CLANG_WARN_INT_CONVERSION = YES;
				CLANG_WARN_NON_LITERAL_NULL_CONVERSION = YES;
				CLANG_WARN_OBJC_IMPLICIT_RETAIN_SELF = YES;
				CLANG_WARN_OBJC_LITERAL_CONVERSION = YES;
				CLANG_WARN_OBJC_ROOT_CLASS = YES_ERROR;
				CLANG_WARN_QUOTED_INCLUDE_IN_FRAMEWORK_HEADER = YES;
				CLANG_WARN_RANGE_LOOP_ANALYSIS = YES;
				CLANG_WARN_STRICT_PROTOTYPES = YES;
				CLANG_WARN_SUSPICIOUS_MOVE = YES;
				CLANG_WARN_UNGUARDED_AVAILABILITY = YES_AGGRESSIVE;
				CLANG_WARN_UNREACHABLE_CODE = YES;
				CLANG_WARN__DUPLICATE_METHOD_MATCH = YES;
				COPY_PHASE_STRIP = NO;
				DEBUG_INFORMATION_FORMAT = dwarf;
				ENABLE_STRICT_OBJC_MSGSEND = YES;
				ENABLE_TESTABILITY = YES;
				GCC_C_LANGUAGE_STANDARD = gnu11;
				GCC_DYNAMIC_NO_PIC = NO;
				GCC_NO_COMMON_BLOCKS = YES;
				GCC_OPTIMIZATION_LEVEL = 0;
				GCC_PREPROCESSOR_DEFINITIONS = (
					"DEBUG=1",
					"$(inherited)",
				);
				GCC_WARN_64_TO_32_BIT_CONVERSION = YES;
				GCC_WARN_ABOUT_RETURN_TYPE = YES_ERROR;
				GCC_WARN_UNDECLARED_SELECTOR = YES;
				GCC_WARN_UNINITIALIZED_AUTOS = YES_AGGRESSIVE;
				GCC_WARN_UNUSED_FUNCTION = YES;
				GCC_WARN_UNUSED_VARIABLE = YES;
				IPHONEOS_DEPLOYMENT_TARGET = 13.0;
				MTL_ENABLE_DEBUG_INFO = INCLUDE_SOURCE;
				MTL_FAST_MATH = YES;
				ONLY_ACTIVE_ARCH = YES;
				SDKROOT = iphoneos;
				SWIFT_ACTIVE_COMPILATION_CONDITIONS = DEBUG;
				SWIFT_OPTIMIZATION_LEVEL = "-Onone";
			};
			name = Debug;
		};
		65E9E20C270C301B00DDEADC /* Release */ = {
			isa = XCBuildConfiguration;
			buildSettings = {
				ALWAYS_SEARCH_USER_PATHS = NO;
				CLANG_ANALYZER_NONNULL = YES;
				CLANG_ANALYZER_NUMBER_OBJECT_CONVERSION = YES_AGGRESSIVE;
				CLANG_CXX_LANGUAGE_STANDARD = "gnu++14";
				CLANG_CXX_LIBRARY = "libc++";
				CLANG_ENABLE_MODULES = YES;
				CLANG_ENABLE_OBJC_ARC = YES;
				CLANG_ENABLE_OBJC_WEAK = YES;
				CLANG_WARN_BLOCK_CAPTURE_AUTORELEASING = YES;
				CLANG_WARN_BOOL_CONVERSION = YES;
				CLANG_WARN_COMMA = YES;
				CLANG_WARN_CONSTANT_CONVERSION = YES;
				CLANG_WARN_DEPRECATED_OBJC_IMPLEMENTATIONS = YES;
				CLANG_WARN_DIRECT_OBJC_ISA_USAGE = YES_ERROR;
				CLANG_WARN_DOCUMENTATION_COMMENTS = YES;
				CLANG_WARN_EMPTY_BODY = YES;
				CLANG_WARN_ENUM_CONVERSION = YES;
				CLANG_WARN_INFINITE_RECURSION = YES;
				CLANG_WARN_INT_CONVERSION = YES;
				CLANG_WARN_NON_LITERAL_NULL_CONVERSION = YES;
				CLANG_WARN_OBJC_IMPLICIT_RETAIN_SELF = YES;
				CLANG_WARN_OBJC_LITERAL_CONVERSION = YES;
				CLANG_WARN_OBJC_ROOT_CLASS = YES_ERROR;
				CLANG_WARN_QUOTED_INCLUDE_IN_FRAMEWORK_HEADER = YES;
				CLANG_WARN_RANGE_LOOP_ANALYSIS = YES;
				CLANG_WARN_STRICT_PROTOTYPES = YES;
				CLANG_WARN_SUSPICIOUS_MOVE = YES;
				CLANG_WARN_UNGUARDED_AVAILABILITY = YES_AGGRESSIVE;
				CLANG_WARN_UNREACHABLE_CODE = YES;
				CLANG_WARN__DUPLICATE_METHOD_MATCH = YES;
				COPY_PHASE_STRIP = NO;
				DEBUG_INFORMATION_FORMAT = "dwarf-with-dsym";
				ENABLE_NS_ASSERTIONS = NO;
				ENABLE_STRICT_OBJC_MSGSEND = YES;
				GCC_C_LANGUAGE_STANDARD = gnu11;
				GCC_NO_COMMON_BLOCKS = YES;
				GCC_WARN_64_TO_32_BIT_CONVERSION = YES;
				GCC_WARN_ABOUT_RETURN_TYPE = YES_ERROR;
				GCC_WARN_UNDECLARED_SELECTOR = YES;
				GCC_WARN_UNINITIALIZED_AUTOS = YES_AGGRESSIVE;
				GCC_WARN_UNUSED_FUNCTION = YES;
				GCC_WARN_UNUSED_VARIABLE = YES;
				IPHONEOS_DEPLOYMENT_TARGET = 13.0;
				MTL_ENABLE_DEBUG_INFO = NO;
				MTL_FAST_MATH = YES;
				SDKROOT = iphoneos;
				SWIFT_COMPILATION_MODE = wholemodule;
				SWIFT_OPTIMIZATION_LEVEL = "-O";
				VALIDATE_PRODUCT = YES;
			};
			name = Release;
		};
		65E9E20E270C301B00DDEADC /* Debug */ = {
			isa = XCBuildConfiguration;
			buildSettings = {
				ASSETCATALOG_COMPILER_APPICON_NAME = AppIcon;
				ASSETCATALOG_COMPILER_GLOBAL_ACCENT_COLOR_NAME = AccentColor;
				CODE_SIGN_STYLE = Automatic;
				DEVELOPMENT_TEAM = 8572WS27HD;
				INFOPLIST_FILE = "Hahow-iOS-Recruit/Info.plist";
				IPHONEOS_DEPLOYMENT_TARGET = 15.0;
				LD_RUNPATH_SEARCH_PATHS = (
					"$(inherited)",
					"@executable_path/Frameworks",
				);
				PRODUCT_BUNDLE_IDENTIFIER = "in.hahow.Hahow-iOS-Recruit";
				PRODUCT_NAME = "$(TARGET_NAME)";
				SWIFT_VERSION = 5.0;
				TARGETED_DEVICE_FAMILY = "1,2";
			};
			name = Debug;
		};
		65E9E20F270C301B00DDEADC /* Release */ = {
			isa = XCBuildConfiguration;
			buildSettings = {
				ASSETCATALOG_COMPILER_APPICON_NAME = AppIcon;
				ASSETCATALOG_COMPILER_GLOBAL_ACCENT_COLOR_NAME = AccentColor;
				CODE_SIGN_STYLE = Automatic;
				DEVELOPMENT_TEAM = 8572WS27HD;
				INFOPLIST_FILE = "Hahow-iOS-Recruit/Info.plist";
				IPHONEOS_DEPLOYMENT_TARGET = 15.0;
				LD_RUNPATH_SEARCH_PATHS = (
					"$(inherited)",
					"@executable_path/Frameworks",
				);
				PRODUCT_BUNDLE_IDENTIFIER = "in.hahow.Hahow-iOS-Recruit";
				PRODUCT_NAME = "$(TARGET_NAME)";
				SWIFT_VERSION = 5.0;
				TARGETED_DEVICE_FAMILY = "1,2";
			};
			name = Release;
		};
		65E9E211270C301B00DDEADC /* Debug */ = {
			isa = XCBuildConfiguration;
			buildSettings = {
				ALWAYS_EMBED_SWIFT_STANDARD_LIBRARIES = YES;
				BUNDLE_LOADER = "$(TEST_HOST)";
				CODE_SIGN_STYLE = Automatic;
				INFOPLIST_FILE = "Hahow-iOS-RecruitTests/Info.plist";
				IPHONEOS_DEPLOYMENT_TARGET = 14.5;
				LD_RUNPATH_SEARCH_PATHS = (
					"$(inherited)",
					"@executable_path/Frameworks",
					"@loader_path/Frameworks",
				);
				PRODUCT_BUNDLE_IDENTIFIER = "in.hahow.Hahow-iOS-RecruitTests";
				PRODUCT_NAME = "$(TARGET_NAME)";
				SWIFT_VERSION = 5.0;
				TARGETED_DEVICE_FAMILY = "1,2";
				TEST_HOST = "$(BUILT_PRODUCTS_DIR)/Hahow-iOS-Recruit.app/Hahow-iOS-Recruit";
			};
			name = Debug;
		};
		65E9E212270C301B00DDEADC /* Release */ = {
			isa = XCBuildConfiguration;
			buildSettings = {
				ALWAYS_EMBED_SWIFT_STANDARD_LIBRARIES = YES;
				BUNDLE_LOADER = "$(TEST_HOST)";
				CODE_SIGN_STYLE = Automatic;
				INFOPLIST_FILE = "Hahow-iOS-RecruitTests/Info.plist";
				IPHONEOS_DEPLOYMENT_TARGET = 14.5;
				LD_RUNPATH_SEARCH_PATHS = (
					"$(inherited)",
					"@executable_path/Frameworks",
					"@loader_path/Frameworks",
				);
				PRODUCT_BUNDLE_IDENTIFIER = "in.hahow.Hahow-iOS-RecruitTests";
				PRODUCT_NAME = "$(TARGET_NAME)";
				SWIFT_VERSION = 5.0;
				TARGETED_DEVICE_FAMILY = "1,2";
				TEST_HOST = "$(BUILT_PRODUCTS_DIR)/Hahow-iOS-Recruit.app/Hahow-iOS-Recruit";
			};
			name = Release;
		};
		65E9E214270C301B00DDEADC /* Debug */ = {
			isa = XCBuildConfiguration;
			buildSettings = {
				ALWAYS_EMBED_SWIFT_STANDARD_LIBRARIES = YES;
				CODE_SIGN_STYLE = Automatic;
				INFOPLIST_FILE = "Hahow-iOS-RecruitUITests/Info.plist";
				LD_RUNPATH_SEARCH_PATHS = (
					"$(inherited)",
					"@executable_path/Frameworks",
					"@loader_path/Frameworks",
				);
				PRODUCT_BUNDLE_IDENTIFIER = "in.hahow.Hahow-iOS-RecruitUITests";
				PRODUCT_NAME = "$(TARGET_NAME)";
				SWIFT_VERSION = 5.0;
				TARGETED_DEVICE_FAMILY = "1,2";
				TEST_TARGET_NAME = "Hahow-iOS-Recruit";
			};
			name = Debug;
		};
		65E9E215270C301B00DDEADC /* Release */ = {
			isa = XCBuildConfiguration;
			buildSettings = {
				ALWAYS_EMBED_SWIFT_STANDARD_LIBRARIES = YES;
				CODE_SIGN_STYLE = Automatic;
				INFOPLIST_FILE = "Hahow-iOS-RecruitUITests/Info.plist";
				LD_RUNPATH_SEARCH_PATHS = (
					"$(inherited)",
					"@executable_path/Frameworks",
					"@loader_path/Frameworks",
				);
				PRODUCT_BUNDLE_IDENTIFIER = "in.hahow.Hahow-iOS-RecruitUITests";
				PRODUCT_NAME = "$(TARGET_NAME)";
				SWIFT_VERSION = 5.0;
				TARGETED_DEVICE_FAMILY = "1,2";
				TEST_TARGET_NAME = "Hahow-iOS-Recruit";
			};
			name = Release;
		};
/* End XCBuildConfiguration section */

/* Begin XCConfigurationList section */
		65E9E1DE270C301A00DDEADC /* Build configuration list for PBXProject "Hahow-iOS-Recruit" */ = {
			isa = XCConfigurationList;
			buildConfigurations = (
				65E9E20B270C301B00DDEADC /* Debug */,
				65E9E20C270C301B00DDEADC /* Release */,
			);
			defaultConfigurationIsVisible = 0;
			defaultConfigurationName = Release;
		};
		65E9E20D270C301B00DDEADC /* Build configuration list for PBXNativeTarget "Hahow-iOS-Recruit" */ = {
			isa = XCConfigurationList;
			buildConfigurations = (
				65E9E20E270C301B00DDEADC /* Debug */,
				65E9E20F270C301B00DDEADC /* Release */,
			);
			defaultConfigurationIsVisible = 0;
			defaultConfigurationName = Release;
		};
		65E9E210270C301B00DDEADC /* Build configuration list for PBXNativeTarget "Hahow-iOS-RecruitTests" */ = {
			isa = XCConfigurationList;
			buildConfigurations = (
				65E9E211270C301B00DDEADC /* Debug */,
				65E9E212270C301B00DDEADC /* Release */,
			);
			defaultConfigurationIsVisible = 0;
			defaultConfigurationName = Release;
		};
		65E9E213270C301B00DDEADC /* Build configuration list for PBXNativeTarget "Hahow-iOS-RecruitUITests" */ = {
			isa = XCConfigurationList;
			buildConfigurations = (
				65E9E214270C301B00DDEADC /* Debug */,
				65E9E215270C301B00DDEADC /* Release */,
			);
			defaultConfigurationIsVisible = 0;
			defaultConfigurationName = Release;
		};
/* End XCConfigurationList section */
	};
	rootObject = 65E9E1DB270C301A00DDEADC /* Project object */;
}
